
Microsoft Visual Studio Solution File, Format Version 12.00
# Visual Studio Version 17
VisualStudioVersion = 17.11.35312.102
MinimumVisualStudioVersion = 10.0.40219.1
Project("{FAE04EC0-301F-11D3-BF4B-00C04F79EFBC}") = "DVLD Presentation Layer", "DVLD Presentation Layer.csproj", "{ACBD91A8-CEDC-4068-8D15-20CC28893C11}"
EndProject
Project("{FAE04EC0-301F-11D3-BF4B-00C04F79EFBC}") = "DVLD Data Access Layer", "..\DVLD Data Access Layer\DVLD Data Access Layer.csproj", "{2EE474BE-668F-45F8-88EA-F669AC0F89FC}"
EndProject
Project("{FAE04EC0-301F-11D3-BF4B-00C04F79EFBC}") = "DVLD Business Layer", "..\DVLD Business Layer\DVLD Business Layer.csproj", "{BC967A97-B650-4A8C-98D3-FACD67C79570}"
EndProject
Global
	GlobalSection(SolutionConfigurationPlatforms) = preSolution
		Debug|Any CPU = Debug|Any CPU
		Release|Any CPU = Release|Any CPU
	EndGlobalSection
	GlobalSection(ProjectConfigurationPlatforms) = postSolution
		{ACBD91A8-CEDC-4068-8D15-20CC28893C11}.Debug|Any CPU.ActiveCfg = Debug|Any CPU
		{ACBD91A8-CEDC-4068-8D15-20CC28893C11}.Debug|Any CPU.Build.0 = Debug|Any CPU
		{ACBD91A8-CEDC-4068-8D15-20CC28893C11}.Release|Any CPU.ActiveCfg = Release|Any CPU
		{ACBD91A8-CEDC-4068-8D15-20CC28893C11}.Release|Any CPU.Build.0 = Release|Any CPU
		{2EE474BE-668F-45F8-88EA-F669AC0F89FC}.Debug|Any CPU.ActiveCfg = Debug|Any CPU
		{2EE474BE-668F-45F8-88EA-F669AC0F89FC}.Debug|Any CPU.Build.0 = Debug|Any CPU
		{2EE474BE-668F-45F8-88EA-F669AC0F89FC}.Release|Any CPU.ActiveCfg = Release|Any CPU
		{2EE474BE-668F-45F8-88EA-F669AC0F89FC}.Release|Any CPU.Build.0 = Release|Any CPU
		{BC967A97-B650-4A8C-98D3-FACD67C79570}.Debug|Any CPU.ActiveCfg = Debug|Any CPU
		{BC967A97-B650-4A8C-98D3-FACD67C79570}.Debug|Any CPU.Build.0 = Debug|Any CPU
		{BC967A97-B650-4A8C-98D3-FACD67C79570}.Release|Any CPU.ActiveCfg = Release|Any CPU
		{BC967A97-B650-4A8C-98D3-FACD67C79570}.Release|Any CPU.Build.0 = Release|Any CPU
	EndGlobalSection
	GlobalSection(SolutionProperties) = preSolution
		HideSolutionNode = FALSE
	EndGlobalSection
	GlobalSection(ExtensibilityGlobals) = postSolution
		SolutionGuid = {77112A6B-BF31-4A95-97AA-BCB40FC106FE}
	EndGlobalSection
EndGlobal
